
Microsoft Visual Studio Solution File, Format Version 12.00
# Visual Studio 14
VisualStudioVersion = 14.0.25420.1
MinimumVisualStudioVersion = 10.0.40219.1
Project("{FAE04EC0-301F-11D3-BF4B-00C04F79EFBC}") = "AlmacenamientoLocal.Android", "AlmacenamientoLocal\AlmacenamientoLocal.Android\AlmacenamientoLocal.Android.csproj", "{3D2F0FAD-62E8-4CBF-B9A0-BD427CF0AFB0}"
EndProject
Project("{FAE04EC0-301F-11D3-BF4B-00C04F79EFBC}") = "AlmacenamientoLocal", "AlmacenamientoLocal\AlmacenamientoLocal\AlmacenamientoLocal.csproj", "{45919265-2AE6-41EE-A81D-58E55BD19CA0}"
EndProject
Project("{FAE04EC0-301F-11D3-BF4B-00C04F79EFBC}") = "AlmacenamientoLocal.UWP", "AlmacenamientoLocal\AlmacenamientoLocal.UWP\AlmacenamientoLocal.UWP.csproj", "{D3D7CBDF-BC18-4451-A22A-DF1C020D7C1B}"
EndProject
Project("{FAE04EC0-301F-11D3-BF4B-00C04F79EFBC}") = "AlmacenamientoLocal.iOS", "AlmacenamientoLocal\AlmacenamientoLocal.iOS\AlmacenamientoLocal.iOS.csproj", "{7DF1DA85-7572-4FF4-8D10-F7F067727526}"
EndProject
Global
	GlobalSection(SolutionConfigurationPlatforms) = preSolution
		Ad-Hoc|Any CPU = Ad-Hoc|Any CPU
		Ad-Hoc|ARM = Ad-Hoc|ARM
		Ad-Hoc|iPhone = Ad-Hoc|iPhone
		Ad-Hoc|iPhoneSimulator = Ad-Hoc|iPhoneSimulator
		Ad-Hoc|x64 = Ad-Hoc|x64
		Ad-Hoc|x86 = Ad-Hoc|x86
		AppStore|Any CPU = AppStore|Any CPU
		AppStore|ARM = AppStore|ARM
		AppStore|iPhone = AppStore|iPhone
		AppStore|iPhoneSimulator = AppStore|iPhoneSimulator
		AppStore|x64 = AppStore|x64
		AppStore|x86 = AppStore|x86
		Debug|Any CPU = Debug|Any CPU
		Debug|ARM = Debug|ARM
		Debug|iPhone = Debug|iPhone
		Debug|iPhoneSimulator = Debug|iPhoneSimulator
		Debug|x64 = Debug|x64
		Debug|x86 = Debug|x86
		Release|Any CPU = Release|Any CPU
		Release|ARM = Release|ARM
		Release|iPhone = Release|iPhone
		Release|iPhoneSimulator = Release|iPhoneSimulator
		Release|x64 = Release|x64
		Release|x86 = Release|x86
	EndGlobalSection
	GlobalSection(ProjectConfigurationPlatforms) = postSolution
		{3D2F0FAD-62E8-4CBF-B9A0-BD427CF0AFB0}.Ad-Hoc|Any CPU.ActiveCfg = Release|Any CPU
		{3D2F0FAD-62E8-4CBF-B9A0-BD427CF0AFB0}.Ad-Hoc|Any CPU.Build.0 = Release|Any CPU
		{3D2F0FAD-62E8-4CBF-B9A0-BD427CF0AFB0}.Ad-Hoc|Any CPU.Deploy.0 = Release|Any CPU
		{3D2F0FAD-62E8-4CBF-B9A0-BD427CF0AFB0}.Ad-Hoc|ARM.ActiveCfg = Release|Any CPU
		{3D2F0FAD-62E8-4CBF-B9A0-BD427CF0AFB0}.Ad-Hoc|ARM.Build.0 = Release|Any CPU
		{3D2F0FAD-62E8-4CBF-B9A0-BD427CF0AFB0}.Ad-Hoc|ARM.Deploy.0 = Release|Any CPU
		{3D2F0FAD-62E8-4CBF-B9A0-BD427CF0AFB0}.Ad-Hoc|iPhone.ActiveCfg = Release|Any CPU
		{3D2F0FAD-62E8-4CBF-B9A0-BD427CF0AFB0}.Ad-Hoc|iPhone.Build.0 = Release|Any CPU
		{3D2F0FAD-62E8-4CBF-B9A0-BD427CF0AFB0}.Ad-Hoc|iPhone.Deploy.0 = Release|Any CPU
		{3D2F0FAD-62E8-4CBF-B9A0-BD427CF0AFB0}.Ad-Hoc|iPhoneSimulator.ActiveCfg = Release|Any CPU
		{3D2F0FAD-62E8-4CBF-B9A0-BD427CF0AFB0}.Ad-Hoc|iPhoneSimulator.Build.0 = Release|Any CPU
		{3D2F0FAD-62E8-4CBF-B9A0-BD427CF0AFB0}.Ad-Hoc|iPhoneSimulator.Deploy.0 = Release|Any CPU
		{3D2F0FAD-62E8-4CBF-B9A0-BD427CF0AFB0}.Ad-Hoc|x64.ActiveCfg = Release|Any CPU
		{3D2F0FAD-62E8-4CBF-B9A0-BD427CF0AFB0}.Ad-Hoc|x64.Build.0 = Release|Any CPU
		{3D2F0FAD-62E8-4CBF-B9A0-BD427CF0AFB0}.Ad-Hoc|x64.Deploy.0 = Release|Any CPU
		{3D2F0FAD-62E8-4CBF-B9A0-BD427CF0AFB0}.Ad-Hoc|x86.ActiveCfg = Release|Any CPU
		{3D2F0FAD-62E8-4CBF-B9A0-BD427CF0AFB0}.Ad-Hoc|x86.Build.0 = Release|Any CPU
		{3D2F0FAD-62E8-4CBF-B9A0-BD427CF0AFB0}.Ad-Hoc|x86.Deploy.0 = Release|Any CPU
		{3D2F0FAD-62E8-4CBF-B9A0-BD427CF0AFB0}.AppStore|Any CPU.ActiveCfg = Release|Any CPU
		{3D2F0FAD-62E8-4CBF-B9A0-BD427CF0AFB0}.AppStore|Any CPU.Build.0 = Release|Any CPU
		{3D2F0FAD-62E8-4CBF-B9A0-BD427CF0AFB0}.AppStore|Any CPU.Deploy.0 = Release|Any CPU
		{3D2F0FAD-62E8-4CBF-B9A0-BD427CF0AFB0}.AppStore|ARM.ActiveCfg = Release|Any CPU
		{3D2F0FAD-62E8-4CBF-B9A0-BD427CF0AFB0}.AppStore|ARM.Build.0 = Release|Any CPU
		{3D2F0FAD-62E8-4CBF-B9A0-BD427CF0AFB0}.AppStore|ARM.Deploy.0 = Release|Any CPU
		{3D2F0FAD-62E8-4CBF-B9A0-BD427CF0AFB0}.AppStore|iPhone.ActiveCfg = Release|Any CPU
		{3D2F0FAD-62E8-4CBF-B9A0-BD427CF0AFB0}.AppStore|iPhone.Build.0 = Release|Any CPU
		{3D2F0FAD-62E8-4CBF-B9A0-BD427CF0AFB0}.AppStore|iPhone.Deploy.0 = Release|Any CPU
		{3D2F0FAD-62E8-4CBF-B9A0-BD427CF0AFB0}.AppStore|iPhoneSimulator.ActiveCfg = Release|Any CPU
		{3D2F0FAD-62E8-4CBF-B9A0-BD427CF0AFB0}.AppStore|iPhoneSimulator.Build.0 = Release|Any CPU
		{3D2F0FAD-62E8-4CBF-B9A0-BD427CF0AFB0}.AppStore|iPhoneSimulator.Deploy.0 = Release|Any CPU
		{3D2F0FAD-62E8-4CBF-B9A0-BD427CF0AFB0}.AppStore|x64.ActiveCfg = Release|Any CPU
		{3D2F0FAD-62E8-4CBF-B9A0-BD427CF0AFB0}.AppStore|x64.Build.0 = Release|Any CPU
		{3D2F0FAD-62E8-4CBF-B9A0-BD427CF0AFB0}.AppStore|x64.Deploy.0 = Release|Any CPU
		{3D2F0FAD-62E8-4CBF-B9A0-BD427CF0AFB0}.AppStore|x86.ActiveCfg = Release|Any CPU
		{3D2F0FAD-62E8-4CBF-B9A0-BD427CF0AFB0}.AppStore|x86.Build.0 = Release|Any CPU
		{3D2F0FAD-62E8-4CBF-B9A0-BD427CF0AFB0}.AppStore|x86.Deploy.0 = Release|Any CPU
		{3D2F0FAD-62E8-4CBF-B9A0-BD427CF0AFB0}.Debug|Any CPU.ActiveCfg = Debug|Any CPU
		{3D2F0FAD-62E8-4CBF-B9A0-BD427CF0AFB0}.Debug|Any CPU.Build.0 = Debug|Any CPU
		{3D2F0FAD-62E8-4CBF-B9A0-BD427CF0AFB0}.Debug|Any CPU.Deploy.0 = Debug|Any CPU
		{3D2F0FAD-62E8-4CBF-B9A0-BD427CF0AFB0}.Debug|ARM.ActiveCfg = Debug|Any CPU
		{3D2F0FAD-62E8-4CBF-B9A0-BD427CF0AFB0}.Debug|ARM.Build.0 = Debug|Any CPU
		{3D2F0FAD-62E8-4CBF-B9A0-BD427CF0AFB0}.Debug|ARM.Deploy.0 = Debug|Any CPU
		{3D2F0FAD-62E8-4CBF-B9A0-BD427CF0AFB0}.Debug|iPhone.ActiveCfg = Debug|Any CPU
		{3D2F0FAD-62E8-4CBF-B9A0-BD427CF0AFB0}.Debug|iPhone.Build.0 = Debug|Any CPU
		{3D2F0FAD-62E8-4CBF-B9A0-BD427CF0AFB0}.Debug|iPhone.Deploy.0 = Debug|Any CPU
		{3D2F0FAD-62E8-4CBF-B9A0-BD427CF0AFB0}.Debug|iPhoneSimulator.ActiveCfg = Debug|Any CPU
		{3D2F0FAD-62E8-4CBF-B9A0-BD427CF0AFB0}.Debug|iPhoneSimulator.Build.0 = Debug|Any CPU
		{3D2F0FAD-62E8-4CBF-B9A0-BD427CF0AFB0}.Debug|iPhoneSimulator.Deploy.0 = Debug|Any CPU
		{3D2F0FAD-62E8-4CBF-B9A0-BD427CF0AFB0}.Debug|x64.ActiveCfg = Debug|Any CPU
		{3D2F0FAD-62E8-4CBF-B9A0-BD427CF0AFB0}.Debug|x64.Build.0 = Debug|Any CPU
		{3D2F0FAD-62E8-4CBF-B9A0-BD427CF0AFB0}.Debug|x64.Deploy.0 = Debug|Any CPU
		{3D2F0FAD-62E8-4CBF-B9A0-BD427CF0AFB0}.Debug|x86.ActiveCfg = Debug|Any CPU
		{3D2F0FAD-62E8-4CBF-B9A0-BD427CF0AFB0}.Debug|x86.Build.0 = Debug|Any CPU
		{3D2F0FAD-62E8-4CBF-B9A0-BD427CF0AFB0}.Debug|x86.Deploy.0 = Debug|Any CPU
		{3D2F0FAD-62E8-4CBF-B9A0-BD427CF0AFB0}.Release|Any CPU.ActiveCfg = Release|Any CPU
		{3D2F0FAD-62E8-4CBF-B9A0-BD427CF0AFB0}.Release|Any CPU.Build.0 = Release|Any CPU
		{3D2F0FAD-62E8-4CBF-B9A0-BD427CF0AFB0}.Release|Any CPU.Deploy.0 = Release|Any CPU
		{3D2F0FAD-62E8-4CBF-B9A0-BD427CF0AFB0}.Release|ARM.ActiveCfg = Release|Any CPU
		{3D2F0FAD-62E8-4CBF-B9A0-BD427CF0AFB0}.Release|ARM.Build.0 = Release|Any CPU
		{3D2F0FAD-62E8-4CBF-B9A0-BD427CF0AFB0}.Release|ARM.Deploy.0 = Release|Any CPU
		{3D2F0FAD-62E8-4CBF-B9A0-BD427CF0AFB0}.Release|iPhone.ActiveCfg = Release|Any CPU
		{3D2F0FAD-62E8-4CBF-B9A0-BD427CF0AFB0}.Release|iPhone.Build.0 = Release|Any CPU
		{3D2F0FAD-62E8-4CBF-B9A0-BD427CF0AFB0}.Release|iPhone.Deploy.0 = Release|Any CPU
		{3D2F0FAD-62E8-4CBF-B9A0-BD427CF0AFB0}.Release|iPhoneSimulator.ActiveCfg = Release|Any CPU
		{3D2F0FAD-62E8-4CBF-B9A0-BD427CF0AFB0}.Release|iPhoneSimulator.Build.0 = Release|Any CPU
		{3D2F0FAD-62E8-4CBF-B9A0-BD427CF0AFB0}.Release|iPhoneSimulator.Deploy.0 = Release|Any CPU
		{3D2F0FAD-62E8-4CBF-B9A0-BD427CF0AFB0}.Release|x64.ActiveCfg = Release|Any CPU
		{3D2F0FAD-62E8-4CBF-B9A0-BD427CF0AFB0}.Release|x64.Build.0 = Release|Any CPU
		{3D2F0FAD-62E8-4CBF-B9A0-BD427CF0AFB0}.Release|x64.Deploy.0 = Release|Any CPU
		{3D2F0FAD-62E8-4CBF-B9A0-BD427CF0AFB0}.Release|x86.ActiveCfg = Release|Any CPU
		{3D2F0FAD-62E8-4CBF-B9A0-BD427CF0AFB0}.Release|x86.Build.0 = Release|Any CPU
		{3D2F0FAD-62E8-4CBF-B9A0-BD427CF0AFB0}.Release|x86.Deploy.0 = Release|Any CPU
		{45919265-2AE6-41EE-A81D-58E55BD19CA0}.Ad-Hoc|Any CPU.ActiveCfg = Release|Any CPU
		{45919265-2AE6-41EE-A81D-58E55BD19CA0}.Ad-Hoc|Any CPU.Build.0 = Release|Any CPU
		{45919265-2AE6-41EE-A81D-58E55BD19CA0}.Ad-Hoc|ARM.ActiveCfg = Release|Any CPU
		{45919265-2AE6-41EE-A81D-58E55BD19CA0}.Ad-Hoc|ARM.Build.0 = Release|Any CPU
		{45919265-2AE6-41EE-A81D-58E55BD19CA0}.Ad-Hoc|iPhone.ActiveCfg = Release|Any CPU
		{45919265-2AE6-41EE-A81D-58E55BD19CA0}.Ad-Hoc|iPhone.Build.0 = Release|Any CPU
		{45919265-2AE6-41EE-A81D-58E55BD19CA0}.Ad-Hoc|iPhoneSimulator.ActiveCfg = Release|Any CPU
		{45919265-2AE6-41EE-A81D-58E55BD19CA0}.Ad-Hoc|iPhoneSimulator.Build.0 = Release|Any CPU
		{45919265-2AE6-41EE-A81D-58E55BD19CA0}.Ad-Hoc|x64.ActiveCfg = Release|Any CPU
		{45919265-2AE6-41EE-A81D-58E55BD19CA0}.Ad-Hoc|x64.Build.0 = Release|Any CPU
		{45919265-2AE6-41EE-A81D-58E55BD19CA0}.Ad-Hoc|x86.ActiveCfg = Release|Any CPU
		{45919265-2AE6-41EE-A81D-58E55BD19CA0}.Ad-Hoc|x86.Build.0 = Release|Any CPU
		{45919265-2AE6-41EE-A81D-58E55BD19CA0}.AppStore|Any CPU.ActiveCfg = Release|Any CPU
		{45919265-2AE6-41EE-A81D-58E55BD19CA0}.AppStore|Any CPU.Build.0 = Release|Any CPU
		{45919265-2AE6-41EE-A81D-58E55BD19CA0}.AppStore|ARM.ActiveCfg = Release|Any CPU
		{45919265-2AE6-41EE-A81D-58E55BD19CA0}.AppStore|ARM.Build.0 = Release|Any CPU
		{45919265-2AE6-41EE-A81D-58E55BD19CA0}.AppStore|iPhone.ActiveCfg = Release|Any CPU
		{45919265-2AE6-41EE-A81D-58E55BD19CA0}.AppStore|iPhone.Build.0 = Release|Any CPU
		{45919265-2AE6-41EE-A81D-58E55BD19CA0}.AppStore|iPhoneSimulator.ActiveCfg = Release|Any CPU
		{45919265-2AE6-41EE-A81D-58E55BD19CA0}.AppStore|iPhoneSimulator.Build.0 = Release|Any CPU
		{45919265-2AE6-41EE-A81D-58E55BD19CA0}.AppStore|x64.ActiveCfg = Release|Any CPU
		{45919265-2AE6-41EE-A81D-58E55BD19CA0}.AppStore|x64.Build.0 = Release|Any CPU
		{45919265-2AE6-41EE-A81D-58E55BD19CA0}.AppStore|x86.ActiveCfg = Release|Any CPU
		{45919265-2AE6-41EE-A81D-58E55BD19CA0}.AppStore|x86.Build.0 = Release|Any CPU
		{45919265-2AE6-41EE-A81D-58E55BD19CA0}.Debug|Any CPU.ActiveCfg = Debug|Any CPU
		{45919265-2AE6-41EE-A81D-58E55BD19CA0}.Debug|Any CPU.Build.0 = Debug|Any CPU
		{45919265-2AE6-41EE-A81D-58E55BD19CA0}.Debug|ARM.ActiveCfg = Debug|Any CPU
		{45919265-2AE6-41EE-A81D-58E55BD19CA0}.Debug|ARM.Build.0 = Debug|Any CPU
		{45919265-2AE6-41EE-A81D-58E55BD19CA0}.Debug|iPhone.ActiveCfg = Debug|Any CPU
		{45919265-2AE6-41EE-A81D-58E55BD19CA0}.Debug|iPhone.Build.0 = Debug|Any CPU
		{45919265-2AE6-41EE-A81D-58E55BD19CA0}.Debug|iPhoneSimulator.ActiveCfg = Debug|Any CPU
		{45919265-2AE6-41EE-A81D-58E55BD19CA0}.Debug|iPhoneSimulator.Build.0 = Debug|Any CPU
		{45919265-2AE6-41EE-A81D-58E55BD19CA0}.Debug|x64.ActiveCfg = Debug|Any CPU
		{45919265-2AE6-41EE-A81D-58E55BD19CA0}.Debug|x64.Build.0 = Debug|Any CPU
		{45919265-2AE6-41EE-A81D-58E55BD19CA0}.Debug|x86.ActiveCfg = Debug|Any CPU
		{45919265-2AE6-41EE-A81D-58E55BD19CA0}.Debug|x86.Build.0 = Debug|Any CPU
		{45919265-2AE6-41EE-A81D-58E55BD19CA0}.Release|Any CPU.ActiveCfg = Release|Any CPU
		{45919265-2AE6-41EE-A81D-58E55BD19CA0}.Release|Any CPU.Build.0 = Release|Any CPU
		{45919265-2AE6-41EE-A81D-58E55BD19CA0}.Release|ARM.ActiveCfg = Release|Any CPU
		{45919265-2AE6-41EE-A81D-58E55BD19CA0}.Release|ARM.Build.0 = Release|Any CPU
		{45919265-2AE6-41EE-A81D-58E55BD19CA0}.Release|iPhone.ActiveCfg = Release|Any CPU
		{45919265-2AE6-41EE-A81D-58E55BD19CA0}.Release|iPhone.Build.0 = Release|Any CPU
		{45919265-2AE6-41EE-A81D-58E55BD19CA0}.Release|iPhoneSimulator.ActiveCfg = Release|Any CPU
		{45919265-2AE6-41EE-A81D-58E55BD19CA0}.Release|iPhoneSimulator.Build.0 = Release|Any CPU
		{45919265-2AE6-41EE-A81D-58E55BD19CA0}.Release|x64.ActiveCfg = Release|Any CPU
		{45919265-2AE6-41EE-A81D-58E55BD19CA0}.Release|x64.Build.0 = Release|Any CPU
		{45919265-2AE6-41EE-A81D-58E55BD19CA0}.Release|x86.ActiveCfg = Release|Any CPU
		{45919265-2AE6-41EE-A81D-58E55BD19CA0}.Release|x86.Build.0 = Release|Any CPU
		{D3D7CBDF-BC18-4451-A22A-DF1C020D7C1B}.Ad-Hoc|Any CPU.ActiveCfg = Release|x86
		{D3D7CBDF-BC18-4451-A22A-DF1C020D7C1B}.Ad-Hoc|Any CPU.Build.0 = Release|x86
		{D3D7CBDF-BC18-4451-A22A-DF1C020D7C1B}.Ad-Hoc|Any CPU.Deploy.0 = Release|x86
		{D3D7CBDF-BC18-4451-A22A-DF1C020D7C1B}.Ad-Hoc|ARM.ActiveCfg = Release|ARM
		{D3D7CBDF-BC18-4451-A22A-DF1C020D7C1B}.Ad-Hoc|ARM.Build.0 = Release|ARM
		{D3D7CBDF-BC18-4451-A22A-DF1C020D7C1B}.Ad-Hoc|ARM.Deploy.0 = Release|ARM
		{D3D7CBDF-BC18-4451-A22A-DF1C020D7C1B}.Ad-Hoc|iPhone.ActiveCfg = Release|x86
		{D3D7CBDF-BC18-4451-A22A-DF1C020D7C1B}.Ad-Hoc|iPhone.Build.0 = Release|x86
		{D3D7CBDF-BC18-4451-A22A-DF1C020D7C1B}.Ad-Hoc|iPhone.Deploy.0 = Release|x86
		{D3D7CBDF-BC18-4451-A22A-DF1C020D7C1B}.Ad-Hoc|iPhoneSimulator.ActiveCfg = Release|x86
		{D3D7CBDF-BC18-4451-A22A-DF1C020D7C1B}.Ad-Hoc|iPhoneSimulator.Build.0 = Release|x86
		{D3D7CBDF-BC18-4451-A22A-DF1C020D7C1B}.Ad-Hoc|iPhoneSimulator.Deploy.0 = Release|x86
		{D3D7CBDF-BC18-4451-A22A-DF1C020D7C1B}.Ad-Hoc|x64.ActiveCfg = Release|x64
		{D3D7CBDF-BC18-4451-A22A-DF1C020D7C1B}.Ad-Hoc|x64.Build.0 = Release|x64
		{D3D7CBDF-BC18-4451-A22A-DF1C020D7C1B}.Ad-Hoc|x64.Deploy.0 = Release|x64
		{D3D7CBDF-BC18-4451-A22A-DF1C020D7C1B}.Ad-Hoc|x86.ActiveCfg = Release|x86
		{D3D7CBDF-BC18-4451-A22A-DF1C020D7C1B}.Ad-Hoc|x86.Build.0 = Release|x86
		{D3D7CBDF-BC18-4451-A22A-DF1C020D7C1B}.Ad-Hoc|x86.Deploy.0 = Release|x86
		{D3D7CBDF-BC18-4451-A22A-DF1C020D7C1B}.AppStore|Any CPU.ActiveCfg = Release|x86
		{D3D7CBDF-BC18-4451-A22A-DF1C020D7C1B}.AppStore|Any CPU.Build.0 = Release|x86
		{D3D7CBDF-BC18-4451-A22A-DF1C020D7C1B}.AppStore|Any CPU.Deploy.0 = Release|x86
		{D3D7CBDF-BC18-4451-A22A-DF1C020D7C1B}.AppStore|ARM.ActiveCfg = Release|ARM
		{D3D7CBDF-BC18-4451-A22A-DF1C020D7C1B}.AppStore|ARM.Build.0 = Release|ARM
		{D3D7CBDF-BC18-4451-A22A-DF1C020D7C1B}.AppStore|ARM.Deploy.0 = Release|ARM
		{D3D7CBDF-BC18-4451-A22A-DF1C020D7C1B}.AppStore|iPhone.ActiveCfg = Release|x86
		{D3D7CBDF-BC18-4451-A22A-DF1C020D7C1B}.AppStore|iPhone.Build.0 = Release|x86
		{D3D7CBDF-BC18-4451-A22A-DF1C020D7C1B}.AppStore|iPhone.Deploy.0 = Release|x86
		{D3D7CBDF-BC18-4451-A22A-DF1C020D7C1B}.AppStore|iPhoneSimulator.ActiveCfg = Release|x86
		{D3D7CBDF-BC18-4451-A22A-DF1C020D7C1B}.AppStore|iPhoneSimulator.Build.0 = Release|x86
		{D3D7CBDF-BC18-4451-A22A-DF1C020D7C1B}.AppStore|iPhoneSimulator.Deploy.0 = Release|x86
		{D3D7CBDF-BC18-4451-A22A-DF1C020D7C1B}.AppStore|x64.ActiveCfg = Release|x64
		{D3D7CBDF-BC18-4451-A22A-DF1C020D7C1B}.AppStore|x64.Build.0 = Release|x64
		{D3D7CBDF-BC18-4451-A22A-DF1C020D7C1B}.AppStore|x64.Deploy.0 = Release|x64
		{D3D7CBDF-BC18-4451-A22A-DF1C020D7C1B}.AppStore|x86.ActiveCfg = Release|x86
		{D3D7CBDF-BC18-4451-A22A-DF1C020D7C1B}.AppStore|x86.Build.0 = Release|x86
		{D3D7CBDF-BC18-4451-A22A-DF1C020D7C1B}.AppStore|x86.Deploy.0 = Release|x86
		{D3D7CBDF-BC18-4451-A22A-DF1C020D7C1B}.Debug|Any CPU.ActiveCfg = Debug|x86
		{D3D7CBDF-BC18-4451-A22A-DF1C020D7C1B}.Debug|ARM.ActiveCfg = Debug|ARM
		{D3D7CBDF-BC18-4451-A22A-DF1C020D7C1B}.Debug|ARM.Build.0 = Debug|ARM
		{D3D7CBDF-BC18-4451-A22A-DF1C020D7C1B}.Debug|ARM.Deploy.0 = Debug|ARM
		{D3D7CBDF-BC18-4451-A22A-DF1C020D7C1B}.Debug|iPhone.ActiveCfg = Debug|x86
		{D3D7CBDF-BC18-4451-A22A-DF1C020D7C1B}.Debug|iPhoneSimulator.ActiveCfg = Debug|x86
		{D3D7CBDF-BC18-4451-A22A-DF1C020D7C1B}.Debug|x64.ActiveCfg = Debug|x64
		{D3D7CBDF-BC18-4451-A22A-DF1C020D7C1B}.Debug|x64.Build.0 = Debug|x64
		{D3D7CBDF-BC18-4451-A22A-DF1C020D7C1B}.Debug|x64.Deploy.0 = Debug|x64
		{D3D7CBDF-BC18-4451-A22A-DF1C020D7C1B}.Debug|x86.ActiveCfg = Debug|x86
		{D3D7CBDF-BC18-4451-A22A-DF1C020D7C1B}.Debug|x86.Build.0 = Debug|x86
		{D3D7CBDF-BC18-4451-A22A-DF1C020D7C1B}.Debug|x86.Deploy.0 = Debug|x86
		{D3D7CBDF-BC18-4451-A22A-DF1C020D7C1B}.Release|Any CPU.ActiveCfg = Release|x86
		{D3D7CBDF-BC18-4451-A22A-DF1C020D7C1B}.Release|ARM.ActiveCfg = Release|ARM
		{D3D7CBDF-BC18-4451-A22A-DF1C020D7C1B}.Release|ARM.Build.0 = Release|ARM
		{D3D7CBDF-BC18-4451-A22A-DF1C020D7C1B}.Release|ARM.Deploy.0 = Release|ARM
		{D3D7CBDF-BC18-4451-A22A-DF1C020D7C1B}.Release|iPhone.ActiveCfg = Release|x86
		{D3D7CBDF-BC18-4451-A22A-DF1C020D7C1B}.Release|iPhoneSimulator.ActiveCfg = Release|x86
		{D3D7CBDF-BC18-4451-A22A-DF1C020D7C1B}.Release|x64.ActiveCfg = Release|x64
		{D3D7CBDF-BC18-4451-A22A-DF1C020D7C1B}.Release|x64.Build.0 = Release|x64
		{D3D7CBDF-BC18-4451-A22A-DF1C020D7C1B}.Release|x64.Deploy.0 = Release|x64
		{D3D7CBDF-BC18-4451-A22A-DF1C020D7C1B}.Release|x86.ActiveCfg = Release|x86
		{D3D7CBDF-BC18-4451-A22A-DF1C020D7C1B}.Release|x86.Build.0 = Release|x86
		{D3D7CBDF-BC18-4451-A22A-DF1C020D7C1B}.Release|x86.Deploy.0 = Release|x86
		{7DF1DA85-7572-4FF4-8D10-F7F067727526}.Ad-Hoc|Any CPU.ActiveCfg = Ad-Hoc|iPhone
		{7DF1DA85-7572-4FF4-8D10-F7F067727526}.Ad-Hoc|ARM.ActiveCfg = Ad-Hoc|iPhone
		{7DF1DA85-7572-4FF4-8D10-F7F067727526}.Ad-Hoc|iPhone.ActiveCfg = Ad-Hoc|iPhone
		{7DF1DA85-7572-4FF4-8D10-F7F067727526}.Ad-Hoc|iPhone.Build.0 = Ad-Hoc|iPhone
		{7DF1DA85-7572-4FF4-8D10-F7F067727526}.Ad-Hoc|iPhoneSimulator.ActiveCfg = Ad-Hoc|iPhoneSimulator
		{7DF1DA85-7572-4FF4-8D10-F7F067727526}.Ad-Hoc|iPhoneSimulator.Build.0 = Ad-Hoc|iPhoneSimulator
		{7DF1DA85-7572-4FF4-8D10-F7F067727526}.Ad-Hoc|x64.ActiveCfg = Ad-Hoc|iPhone
		{7DF1DA85-7572-4FF4-8D10-F7F067727526}.Ad-Hoc|x86.ActiveCfg = Ad-Hoc|iPhone
		{7DF1DA85-7572-4FF4-8D10-F7F067727526}.AppStore|Any CPU.ActiveCfg = AppStore|iPhone
		{7DF1DA85-7572-4FF4-8D10-F7F067727526}.AppStore|ARM.ActiveCfg = AppStore|iPhone
		{7DF1DA85-7572-4FF4-8D10-F7F067727526}.AppStore|iPhone.ActiveCfg = AppStore|iPhone
		{7DF1DA85-7572-4FF4-8D10-F7F067727526}.AppStore|iPhone.Build.0 = AppStore|iPhone
		{7DF1DA85-7572-4FF4-8D10-F7F067727526}.AppStore|iPhoneSimulator.ActiveCfg = AppStore|iPhoneSimulator
		{7DF1DA85-7572-4FF4-8D10-F7F067727526}.AppStore|iPhoneSimulator.Build.0 = AppStore|iPhoneSimulator
		{7DF1DA85-7572-4FF4-8D10-F7F067727526}.AppStore|x64.ActiveCfg = AppStore|iPhone
		{7DF1DA85-7572-4FF4-8D10-F7F067727526}.AppStore|x86.ActiveCfg = AppStore|iPhone
		{7DF1DA85-7572-4FF4-8D10-F7F067727526}.Debug|Any CPU.ActiveCfg = Debug|iPhone
		{7DF1DA85-7572-4FF4-8D10-F7F067727526}.Debug|ARM.ActiveCfg = Debug|iPhone
		{7DF1DA85-7572-4FF4-8D10-F7F067727526}.Debug|iPhone.ActiveCfg = Debug|iPhone
		{7DF1DA85-7572-4FF4-8D10-F7F067727526}.Debug|iPhone.Build.0 = Debug|iPhone
		{7DF1DA85-7572-4FF4-8D10-F7F067727526}.Debug|iPhoneSimulator.ActiveCfg = Debug|iPhoneSimulator
		{7DF1DA85-7572-4FF4-8D10-F7F067727526}.Debug|iPhoneSimulator.Build.0 = Debug|iPhoneSimulator
		{7DF1DA85-7572-4FF4-8D10-F7F067727526}.Debug|x64.ActiveCfg = Debug|iPhone
		{7DF1DA85-7572-4FF4-8D10-F7F067727526}.Debug|x86.ActiveCfg = Debug|iPhone
		{7DF1DA85-7572-4FF4-8D10-F7F067727526}.Release|Any CPU.ActiveCfg = Release|iPhone
		{7DF1DA85-7572-4FF4-8D10-F7F067727526}.Release|ARM.ActiveCfg = Release|iPhone
		{7DF1DA85-7572-4FF4-8D10-F7F067727526}.Release|iPhone.ActiveCfg = Release|iPhone
		{7DF1DA85-7572-4FF4-8D10-F7F067727526}.Release|iPhone.Build.0 = Release|iPhone
		{7DF1DA85-7572-4FF4-8D10-F7F067727526}.Release|iPhoneSimulator.ActiveCfg = Release|iPhoneSimulator
		{7DF1DA85-7572-4FF4-8D10-F7F067727526}.Release|iPhoneSimulator.Build.0 = Release|iPhoneSimulator
		{7DF1DA85-7572-4FF4-8D10-F7F067727526}.Release|x64.ActiveCfg = Release|iPhone
		{7DF1DA85-7572-4FF4-8D10-F7F067727526}.Release|x86.ActiveCfg = Release|iPhone
	EndGlobalSection
	GlobalSection(SolutionProperties) = preSolution
		HideSolutionNode = FALSE
	EndGlobalSection
EndGlobal
